// !$*UTF8*$!
{
	archiveVersion = 1;
	classes = {
	};
	objectVersion = 56;
	objects = {

/* Begin PBXBuildFile section */
		3C35A80D2A6F9937008BB5C2 /* DecodingManager.swift in Sources */ = {isa = PBXBuildFile; fileRef = 3C35A80C2A6F9937008BB5C2 /* DecodingManager.swift */; };
		3C35A80F2A6F9A17008BB5C2 /* DataError.swift in Sources */ = {isa = PBXBuildFile; fileRef = 3C35A80E2A6F9A17008BB5C2 /* DataError.swift */; };
		3CB38E9A2A7FEB6C0070E63C /* TargetDate.swift in Sources */ = {isa = PBXBuildFile; fileRef = 3CB38E992A7FEB6C0070E63C /* TargetDate.swift */; };
		3CB38E9C2A7FF7690070E63C /* CountFormatter.swift in Sources */ = {isa = PBXBuildFile; fileRef = 3CB38E9B2A7FF7690070E63C /* CountFormatter.swift */; };
		3CB38E9F2A8141CA0070E63C /* ConstraintsNamespace.swift in Sources */ = {isa = PBXBuildFile; fileRef = 3CB38E9E2A8141CA0070E63C /* ConstraintsNamespace.swift */; };
		3CF5610B2A73D30F0048D14D /* URLConfigurable.swift in Sources */ = {isa = PBXBuildFile; fileRef = 3CF5610A2A73D30F0048D14D /* URLConfigurable.swift */; };
		3CF5610D2A73D3540048D14D /* KobisOpenAPI.swift in Sources */ = {isa = PBXBuildFile; fileRef = 3CF5610C2A73D3540048D14D /* KobisOpenAPI.swift */; };
		3CF5610F2A73E7830048D14D /* URL+.swift in Sources */ = {isa = PBXBuildFile; fileRef = 3CF5610E2A73E7830048D14D /* URL+.swift */; };
		3CF561352A77C9480048D14D /* NetworkError.swift in Sources */ = {isa = PBXBuildFile; fileRef = 3CF561342A77C9480048D14D /* NetworkError.swift */; };
		3CF561382A78D79F0048D14D /* Bundle+.swift in Sources */ = {isa = PBXBuildFile; fileRef = 3CF561372A78D79F0048D14D /* Bundle+.swift */; };
		63DF20EF2970E1A0005DF7D1 /* AppDelegate.swift in Sources */ = {isa = PBXBuildFile; fileRef = 63DF20EE2970E1A0005DF7D1 /* AppDelegate.swift */; };
		63DF20F12970E1A0005DF7D1 /* SceneDelegate.swift in Sources */ = {isa = PBXBuildFile; fileRef = 63DF20F02970E1A0005DF7D1 /* SceneDelegate.swift */; };
		63DF20F32970E1A0005DF7D1 /* BoxOfficeViewController.swift in Sources */ = {isa = PBXBuildFile; fileRef = 63DF20F22970E1A0005DF7D1 /* BoxOfficeViewController.swift */; };
		63DF20F62970E1A0005DF7D1 /* Main.storyboard in Resources */ = {isa = PBXBuildFile; fileRef = 63DF20F42970E1A0005DF7D1 /* Main.storyboard */; };
		63DF20F82970E1A1005DF7D1 /* Assets.xcassets in Resources */ = {isa = PBXBuildFile; fileRef = 63DF20F72970E1A1005DF7D1 /* Assets.xcassets */; };
		63DF20FB2970E1A1005DF7D1 /* LaunchScreen.storyboard in Resources */ = {isa = PBXBuildFile; fileRef = 63DF20F92970E1A1005DF7D1 /* LaunchScreen.storyboard */; };
		AC02E17C2A6F703D00C6A91B /* BoxOffice.swift in Sources */ = {isa = PBXBuildFile; fileRef = AC02E17B2A6F703D00C6A91B /* BoxOffice.swift */; };
		AC02E1952A6FC02B00C6A91B /* DecodingManagerTests.swift in Sources */ = {isa = PBXBuildFile; fileRef = AC02E1942A6FC02B00C6A91B /* DecodingManagerTests.swift */; };
		AC11E7DF2A729341008A84B0 /* Movie.swift in Sources */ = {isa = PBXBuildFile; fileRef = AC11E7DE2A729341008A84B0 /* Movie.swift */; };
		AC11E7E52A729FE3008A84B0 /* NetworkManager.swift in Sources */ = {isa = PBXBuildFile; fileRef = AC11E7E42A729FE3008A84B0 /* NetworkManager.swift */; };
		AC9BDB3E2A78D083000FA75F /* KobisAPIKey.plist in Resources */ = {isa = PBXBuildFile; fileRef = AC9BDB3D2A78D083000FA75F /* KobisAPIKey.plist */; };
		ACDC76492A7D4DAA00D324E5 /* BoxOfficeCell.swift in Sources */ = {isa = PBXBuildFile; fileRef = ACDC76482A7D4DAA00D324E5 /* BoxOfficeCell.swift */; };
		ACF5C62E2A811956005CB910 /* BoxOfficeManager.swift in Sources */ = {isa = PBXBuildFile; fileRef = ACF5C62D2A811956005CB910 /* BoxOfficeManager.swift */; };
/* End PBXBuildFile section */

/* Begin PBXContainerItemProxy section */
		AC02E1962A6FC02B00C6A91B /* PBXContainerItemProxy */ = {
			isa = PBXContainerItemProxy;
			containerPortal = 63DF20E32970E1A0005DF7D1 /* Project object */;
			proxyType = 1;
			remoteGlobalIDString = 63DF20EA2970E1A0005DF7D1;
			remoteInfo = BoxOffice;
		};
/* End PBXContainerItemProxy section */

/* Begin PBXFileReference section */
		3C35A80C2A6F9937008BB5C2 /* DecodingManager.swift */ = {isa = PBXFileReference; lastKnownFileType = sourcecode.swift; path = DecodingManager.swift; sourceTree = "<group>"; };
		3C35A80E2A6F9A17008BB5C2 /* DataError.swift */ = {isa = PBXFileReference; lastKnownFileType = sourcecode.swift; path = DataError.swift; sourceTree = "<group>"; };
		3CB38E992A7FEB6C0070E63C /* TargetDate.swift */ = {isa = PBXFileReference; lastKnownFileType = sourcecode.swift; path = TargetDate.swift; sourceTree = "<group>"; };
		3CB38E9B2A7FF7690070E63C /* CountFormatter.swift */ = {isa = PBXFileReference; lastKnownFileType = sourcecode.swift; path = CountFormatter.swift; sourceTree = "<group>"; };
		3CB38E9E2A8141CA0070E63C /* ConstraintsNamespace.swift */ = {isa = PBXFileReference; lastKnownFileType = sourcecode.swift; path = ConstraintsNamespace.swift; sourceTree = "<group>"; };
		3CF5610A2A73D30F0048D14D /* URLConfigurable.swift */ = {isa = PBXFileReference; lastKnownFileType = sourcecode.swift; path = URLConfigurable.swift; sourceTree = "<group>"; };
		3CF5610C2A73D3540048D14D /* KobisOpenAPI.swift */ = {isa = PBXFileReference; lastKnownFileType = sourcecode.swift; path = KobisOpenAPI.swift; sourceTree = "<group>"; };
		3CF5610E2A73E7830048D14D /* URL+.swift */ = {isa = PBXFileReference; lastKnownFileType = sourcecode.swift; path = "URL+.swift"; sourceTree = "<group>"; };
		3CF561342A77C9480048D14D /* NetworkError.swift */ = {isa = PBXFileReference; lastKnownFileType = sourcecode.swift; path = NetworkError.swift; sourceTree = "<group>"; };
		3CF561372A78D79F0048D14D /* Bundle+.swift */ = {isa = PBXFileReference; lastKnownFileType = sourcecode.swift; path = "Bundle+.swift"; sourceTree = "<group>"; };
		63DF20EB2970E1A0005DF7D1 /* BoxOffice.app */ = {isa = PBXFileReference; explicitFileType = wrapper.application; includeInIndex = 0; path = BoxOffice.app; sourceTree = BUILT_PRODUCTS_DIR; };
		63DF20EE2970E1A0005DF7D1 /* AppDelegate.swift */ = {isa = PBXFileReference; lastKnownFileType = sourcecode.swift; path = AppDelegate.swift; sourceTree = "<group>"; };
		63DF20F02970E1A0005DF7D1 /* SceneDelegate.swift */ = {isa = PBXFileReference; lastKnownFileType = sourcecode.swift; path = SceneDelegate.swift; sourceTree = "<group>"; };
		63DF20F22970E1A0005DF7D1 /* BoxOfficeViewController.swift */ = {isa = PBXFileReference; lastKnownFileType = sourcecode.swift; path = BoxOfficeViewController.swift; sourceTree = "<group>"; };
		63DF20F52970E1A0005DF7D1 /* Base */ = {isa = PBXFileReference; lastKnownFileType = file.storyboard; name = Base; path = Base.lproj/Main.storyboard; sourceTree = "<group>"; };
		63DF20F72970E1A1005DF7D1 /* Assets.xcassets */ = {isa = PBXFileReference; lastKnownFileType = folder.assetcatalog; path = Assets.xcassets; sourceTree = "<group>"; };
		63DF20FA2970E1A1005DF7D1 /* Base */ = {isa = PBXFileReference; lastKnownFileType = file.storyboard; name = Base; path = Base.lproj/LaunchScreen.storyboard; sourceTree = "<group>"; };
		63DF20FC2970E1A1005DF7D1 /* Info.plist */ = {isa = PBXFileReference; lastKnownFileType = text.plist.xml; path = Info.plist; sourceTree = "<group>"; };
		AC02E17B2A6F703D00C6A91B /* BoxOffice.swift */ = {isa = PBXFileReference; lastKnownFileType = sourcecode.swift; path = BoxOffice.swift; sourceTree = "<group>"; };
		AC02E1922A6FC02B00C6A91B /* DecodingManagerTests.xctest */ = {isa = PBXFileReference; explicitFileType = wrapper.cfbundle; includeInIndex = 0; path = DecodingManagerTests.xctest; sourceTree = BUILT_PRODUCTS_DIR; };
		AC02E1942A6FC02B00C6A91B /* DecodingManagerTests.swift */ = {isa = PBXFileReference; lastKnownFileType = sourcecode.swift; path = DecodingManagerTests.swift; sourceTree = "<group>"; };
		AC11E7DE2A729341008A84B0 /* Movie.swift */ = {isa = PBXFileReference; lastKnownFileType = sourcecode.swift; path = Movie.swift; sourceTree = "<group>"; };
		AC11E7E42A729FE3008A84B0 /* NetworkManager.swift */ = {isa = PBXFileReference; lastKnownFileType = sourcecode.swift; path = NetworkManager.swift; sourceTree = "<group>"; };
		AC2C7AF12A6FC21C000CD35F /* BoxOffice.xctestplan */ = {isa = PBXFileReference; lastKnownFileType = text; path = BoxOffice.xctestplan; sourceTree = "<group>"; };
		AC9BDB3D2A78D083000FA75F /* KobisAPIKey.plist */ = {isa = PBXFileReference; lastKnownFileType = text.plist.xml; path = KobisAPIKey.plist; sourceTree = "<group>"; };
		ACDC76482A7D4DAA00D324E5 /* BoxOfficeCell.swift */ = {isa = PBXFileReference; lastKnownFileType = sourcecode.swift; path = BoxOfficeCell.swift; sourceTree = "<group>"; };
		ACF5C62D2A811956005CB910 /* BoxOfficeManager.swift */ = {isa = PBXFileReference; lastKnownFileType = sourcecode.swift; path = BoxOfficeManager.swift; sourceTree = "<group>"; };
/* End PBXFileReference section */

/* Begin PBXFrameworksBuildPhase section */
		63DF20E82970E1A0005DF7D1 /* Frameworks */ = {
			isa = PBXFrameworksBuildPhase;
			buildActionMask = 2147483647;
			files = (
			);
			runOnlyForDeploymentPostprocessing = 0;
		};
		AC02E18F2A6FC02B00C6A91B /* Frameworks */ = {
			isa = PBXFrameworksBuildPhase;
			buildActionMask = 2147483647;
			files = (
			);
			runOnlyForDeploymentPostprocessing = 0;
		};
/* End PBXFrameworksBuildPhase section */

/* Begin PBXGroup section */
		3C35A8082A6F68A9008BB5C2 /* Model */ = {
			isa = PBXGroup;
			children = (
				AC02E17B2A6F703D00C6A91B /* BoxOffice.swift */,
				AC11E7DE2A729341008A84B0 /* Movie.swift */,
				3CF5610A2A73D30F0048D14D /* URLConfigurable.swift */,
				3CF5610C2A73D3540048D14D /* KobisOpenAPI.swift */,
				3CF561372A78D79F0048D14D /* Bundle+.swift */,
				ACF5C62D2A811956005CB910 /* BoxOfficeManager.swift */,
			);
			path = Model;
			sourceTree = "<group>";
		};
		3C35A8092A6F68B1008BB5C2 /* View */ = {
			isa = PBXGroup;
			children = (
				63DF20F42970E1A0005DF7D1 /* Main.storyboard */,
				63DF20F92970E1A1005DF7D1 /* LaunchScreen.storyboard */,
				ACDC76482A7D4DAA00D324E5 /* BoxOfficeCell.swift */,
			);
			path = View;
			sourceTree = "<group>";
		};
		3C35A80A2A6F68BB008BB5C2 /* Controller */ = {
			isa = PBXGroup;
			children = (
				63DF20F22970E1A0005DF7D1 /* BoxOfficeViewController.swift */,
			);
			path = Controller;
			sourceTree = "<group>";
		};
		3C35A80B2A6F68C7008BB5C2 /* Application */ = {
			isa = PBXGroup;
			children = (
				63DF20EE2970E1A0005DF7D1 /* AppDelegate.swift */,
				63DF20F02970E1A0005DF7D1 /* SceneDelegate.swift */,
			);
			path = Application;
			sourceTree = "<group>";
		};
		3CB38E9D2A8141A30070E63C /* Namespace */ = {
			isa = PBXGroup;
			children = (
				3CB38E9E2A8141CA0070E63C /* ConstraintsNamespace.swift */,
			);
			path = Namespace;
			sourceTree = "<group>";
		};
		3CF561332A77C91C0048D14D /* Error */ = {
			isa = PBXGroup;
			children = (
				3C35A80E2A6F9A17008BB5C2 /* DataError.swift */,
				3CF561342A77C9480048D14D /* NetworkError.swift */,
			);
			path = Error;
			sourceTree = "<group>";
		};
		63DF20E22970E1A0005DF7D1 = {
			isa = PBXGroup;
			children = (
				63DF20ED2970E1A0005DF7D1 /* BoxOffice */,
				AC2C7AF22A6FC386000CD35F /* BoxOfficeTests */,
				63DF20EC2970E1A0005DF7D1 /* Products */,
			);
			sourceTree = "<group>";
		};
		63DF20EC2970E1A0005DF7D1 /* Products */ = {
			isa = PBXGroup;
			children = (
				63DF20EB2970E1A0005DF7D1 /* BoxOffice.app */,
				AC02E1922A6FC02B00C6A91B /* DecodingManagerTests.xctest */,
			);
			name = Products;
			sourceTree = "<group>";
		};
		63DF20ED2970E1A0005DF7D1 /* BoxOffice */ = {
			isa = PBXGroup;
			children = (
				3C35A80B2A6F68C7008BB5C2 /* Application */,
				AC6796AC2A77A00000DADDBA /* Utility */,
				3C35A8082A6F68A9008BB5C2 /* Model */,
				3C35A8092A6F68B1008BB5C2 /* View */,
				3C35A80A2A6F68BB008BB5C2 /* Controller */,
				3CB38E9D2A8141A30070E63C /* Namespace */,
				3CF561332A77C91C0048D14D /* Error */,
				AC9BDB3C2A78CD14000FA75F /* Resource */,
			);
			path = BoxOffice;
			sourceTree = "<group>";
		};
		AC02E1932A6FC02B00C6A91B /* DecodingManagerTests */ = {
			isa = PBXGroup;
			children = (
				AC02E1942A6FC02B00C6A91B /* DecodingManagerTests.swift */,
			);
			path = DecodingManagerTests;
			sourceTree = "<group>";
		};
		AC2C7AF22A6FC386000CD35F /* BoxOfficeTests */ = {
			isa = PBXGroup;
			children = (
				AC2C7AF12A6FC21C000CD35F /* BoxOffice.xctestplan */,
				AC02E1932A6FC02B00C6A91B /* DecodingManagerTests */,
			);
			path = BoxOfficeTests;
			sourceTree = "<group>";
		};
		AC6796AC2A77A00000DADDBA /* Utility */ = {
			isa = PBXGroup;
			children = (
				3C35A80C2A6F9937008BB5C2 /* DecodingManager.swift */,
				AC11E7E42A729FE3008A84B0 /* NetworkManager.swift */,
				3CF5610E2A73E7830048D14D /* URL+.swift */,
				3CB38E992A7FEB6C0070E63C /* TargetDate.swift */,
				3CB38E9B2A7FF7690070E63C /* CountFormatter.swift */,
			);
			path = Utility;
			sourceTree = "<group>";
		};
		AC9BDB3C2A78CD14000FA75F /* Resource */ = {
			isa = PBXGroup;
			children = (
				63DF20F72970E1A1005DF7D1 /* Assets.xcassets */,
				63DF20FC2970E1A1005DF7D1 /* Info.plist */,
				AC9BDB3D2A78D083000FA75F /* KobisAPIKey.plist */,
			);
			path = Resource;
			sourceTree = "<group>";
		};
/* End PBXGroup section */

/* Begin PBXNativeTarget section */
		63DF20EA2970E1A0005DF7D1 /* BoxOffice */ = {
			isa = PBXNativeTarget;
			buildConfigurationList = 63DF20FF2970E1A1005DF7D1 /* Build configuration list for PBXNativeTarget "BoxOffice" */;
			buildPhases = (
				63DF20E72970E1A0005DF7D1 /* Sources */,
				63DF20E82970E1A0005DF7D1 /* Frameworks */,
				63DF20E92970E1A0005DF7D1 /* Resources */,
			);
			buildRules = (
			);
			dependencies = (
			);
			name = BoxOffice;
			productName = BoxOffice;
			productReference = 63DF20EB2970E1A0005DF7D1 /* BoxOffice.app */;
			productType = "com.apple.product-type.application";
		};
		AC02E1912A6FC02B00C6A91B /* DecodingManagerTests */ = {
			isa = PBXNativeTarget;
			buildConfigurationList = AC02E1982A6FC02B00C6A91B /* Build configuration list for PBXNativeTarget "DecodingManagerTests" */;
			buildPhases = (
				AC02E18E2A6FC02B00C6A91B /* Sources */,
				AC02E18F2A6FC02B00C6A91B /* Frameworks */,
				AC02E1902A6FC02B00C6A91B /* Resources */,
			);
			buildRules = (
			);
			dependencies = (
				AC02E1972A6FC02B00C6A91B /* PBXTargetDependency */,
			);
			name = DecodingManagerTests;
			productName = DecodingManagerTests;
			productReference = AC02E1922A6FC02B00C6A91B /* DecodingManagerTests.xctest */;
			productType = "com.apple.product-type.bundle.unit-test";
		};
/* End PBXNativeTarget section */

/* Begin PBXProject section */
		63DF20E32970E1A0005DF7D1 /* Project object */ = {
			isa = PBXProject;
			attributes = {
				BuildIndependentTargetsInParallel = 1;
				LastSwiftUpdateCheck = 1430;
				LastUpgradeCheck = 1420;
				TargetAttributes = {
					63DF20EA2970E1A0005DF7D1 = {
						CreatedOnToolsVersion = 14.2;
					};
					AC02E1912A6FC02B00C6A91B = {
						CreatedOnToolsVersion = 14.3.1;
						TestTargetID = 63DF20EA2970E1A0005DF7D1;
					};
				};
			};
			buildConfigurationList = 63DF20E62970E1A0005DF7D1 /* Build configuration list for PBXProject "BoxOffice" */;
			compatibilityVersion = "Xcode 14.0";
			developmentRegion = en;
			hasScannedForEncodings = 0;
			knownRegions = (
				en,
				Base,
			);
			mainGroup = 63DF20E22970E1A0005DF7D1;
			productRefGroup = 63DF20EC2970E1A0005DF7D1 /* Products */;
			projectDirPath = "";
			projectRoot = "";
			targets = (
				63DF20EA2970E1A0005DF7D1 /* BoxOffice */,
				AC02E1912A6FC02B00C6A91B /* DecodingManagerTests */,
			);
		};
/* End PBXProject section */

/* Begin PBXResourcesBuildPhase section */
		63DF20E92970E1A0005DF7D1 /* Resources */ = {
			isa = PBXResourcesBuildPhase;
			buildActionMask = 2147483647;
			files = (
				63DF20FB2970E1A1005DF7D1 /* LaunchScreen.storyboard in Resources */,
				63DF20F82970E1A1005DF7D1 /* Assets.xcassets in Resources */,
				AC9BDB3E2A78D083000FA75F /* KobisAPIKey.plist in Resources */,
				63DF20F62970E1A0005DF7D1 /* Main.storyboard in Resources */,
			);
			runOnlyForDeploymentPostprocessing = 0;
		};
		AC02E1902A6FC02B00C6A91B /* Resources */ = {
			isa = PBXResourcesBuildPhase;
			buildActionMask = 2147483647;
			files = (
			);
			runOnlyForDeploymentPostprocessing = 0;
		};
/* End PBXResourcesBuildPhase section */

/* Begin PBXSourcesBuildPhase section */
		63DF20E72970E1A0005DF7D1 /* Sources */ = {
			isa = PBXSourcesBuildPhase;
			buildActionMask = 2147483647;
			files = (
				63DF20F32970E1A0005DF7D1 /* BoxOfficeViewController.swift in Sources */,
				3CF5610D2A73D3540048D14D /* KobisOpenAPI.swift in Sources */,
				AC11E7DF2A729341008A84B0 /* Movie.swift in Sources */,
				63DF20EF2970E1A0005DF7D1 /* AppDelegate.swift in Sources */,
				63DF20F12970E1A0005DF7D1 /* SceneDelegate.swift in Sources */,
				ACDC76492A7D4DAA00D324E5 /* BoxOfficeCell.swift in Sources */,
				3CF561382A78D79F0048D14D /* Bundle+.swift in Sources */,
				AC11E7E52A729FE3008A84B0 /* NetworkManager.swift in Sources */,
				AC02E17C2A6F703D00C6A91B /* BoxOffice.swift in Sources */,
				3C35A80F2A6F9A17008BB5C2 /* DataError.swift in Sources */,
				3CF5610F2A73E7830048D14D /* URL+.swift in Sources */,
				ACF5C62E2A811956005CB910 /* BoxOfficeManager.swift in Sources */,
				3CB38E9A2A7FEB6C0070E63C /* TargetDate.swift in Sources */,
				3CF561352A77C9480048D14D /* NetworkError.swift in Sources */,
				3CB38E9C2A7FF7690070E63C /* CountFormatter.swift in Sources */,
				3CF5610B2A73D30F0048D14D /* URLConfigurable.swift in Sources */,
				3CB38E9F2A8141CA0070E63C /* ConstraintsNamespace.swift in Sources */,
				3C35A80D2A6F9937008BB5C2 /* DecodingManager.swift in Sources */,
			);
			runOnlyForDeploymentPostprocessing = 0;
		};
		AC02E18E2A6FC02B00C6A91B /* Sources */ = {
			isa = PBXSourcesBuildPhase;
			buildActionMask = 2147483647;
			files = (
				AC02E1952A6FC02B00C6A91B /* DecodingManagerTests.swift in Sources */,
			);
			runOnlyForDeploymentPostprocessing = 0;
		};
/* End PBXSourcesBuildPhase section */

/* Begin PBXTargetDependency section */
		AC02E1972A6FC02B00C6A91B /* PBXTargetDependency */ = {
			isa = PBXTargetDependency;
			target = 63DF20EA2970E1A0005DF7D1 /* BoxOffice */;
			targetProxy = AC02E1962A6FC02B00C6A91B /* PBXContainerItemProxy */;
		};
/* End PBXTargetDependency section */

/* Begin PBXVariantGroup section */
		63DF20F42970E1A0005DF7D1 /* Main.storyboard */ = {
			isa = PBXVariantGroup;
			children = (
				63DF20F52970E1A0005DF7D1 /* Base */,
			);
			name = Main.storyboard;
			sourceTree = "<group>";
		};
		63DF20F92970E1A1005DF7D1 /* LaunchScreen.storyboard */ = {
			isa = PBXVariantGroup;
			children = (
				63DF20FA2970E1A1005DF7D1 /* Base */,
			);
			name = LaunchScreen.storyboard;
			sourceTree = "<group>";
		};
/* End PBXVariantGroup section */

/* Begin XCBuildConfiguration section */
		63DF20FD2970E1A1005DF7D1 /* Debug */ = {
			isa = XCBuildConfiguration;
			buildSettings = {
				ALWAYS_SEARCH_USER_PATHS = NO;
				CLANG_ANALYZER_NONNULL = YES;
				CLANG_ANALYZER_NUMBER_OBJECT_CONVERSION = YES_AGGRESSIVE;
				CLANG_CXX_LANGUAGE_STANDARD = "gnu++20";
				CLANG_ENABLE_MODULES = YES;
				CLANG_ENABLE_OBJC_ARC = YES;
				CLANG_ENABLE_OBJC_WEAK = YES;
				CLANG_WARN_BLOCK_CAPTURE_AUTORELEASING = YES;
				CLANG_WARN_BOOL_CONVERSION = YES;
				CLANG_WARN_COMMA = YES;
				CLANG_WARN_CONSTANT_CONVERSION = YES;
				CLANG_WARN_DEPRECATED_OBJC_IMPLEMENTATIONS = YES;
				CLANG_WARN_DIRECT_OBJC_ISA_USAGE = YES_ERROR;
				CLANG_WARN_DOCUMENTATION_COMMENTS = YES;
				CLANG_WARN_EMPTY_BODY = YES;
				CLANG_WARN_ENUM_CONVERSION = YES;
				CLANG_WARN_INFINITE_RECURSION = YES;
				CLANG_WARN_INT_CONVERSION = YES;
				CLANG_WARN_NON_LITERAL_NULL_CONVERSION = YES;
				CLANG_WARN_OBJC_IMPLICIT_RETAIN_SELF = YES;
				CLANG_WARN_OBJC_LITERAL_CONVERSION = YES;
				CLANG_WARN_OBJC_ROOT_CLASS = YES_ERROR;
				CLANG_WARN_QUOTED_INCLUDE_IN_FRAMEWORK_HEADER = YES;
				CLANG_WARN_RANGE_LOOP_ANALYSIS = YES;
				CLANG_WARN_STRICT_PROTOTYPES = YES;
				CLANG_WARN_SUSPICIOUS_MOVE = YES;
				CLANG_WARN_UNGUARDED_AVAILABILITY = YES_AGGRESSIVE;
				CLANG_WARN_UNREACHABLE_CODE = YES;
				CLANG_WARN__DUPLICATE_METHOD_MATCH = YES;
				COPY_PHASE_STRIP = NO;
				DEBUG_INFORMATION_FORMAT = dwarf;
				ENABLE_STRICT_OBJC_MSGSEND = YES;
				ENABLE_TESTABILITY = YES;
				GCC_C_LANGUAGE_STANDARD = gnu11;
				GCC_DYNAMIC_NO_PIC = NO;
				GCC_NO_COMMON_BLOCKS = YES;
				GCC_OPTIMIZATION_LEVEL = 0;
				GCC_PREPROCESSOR_DEFINITIONS = (
					"DEBUG=1",
					"$(inherited)",
				);
				GCC_WARN_64_TO_32_BIT_CONVERSION = YES;
				GCC_WARN_ABOUT_RETURN_TYPE = YES_ERROR;
				GCC_WARN_UNDECLARED_SELECTOR = YES;
				GCC_WARN_UNINITIALIZED_AUTOS = YES_AGGRESSIVE;
				GCC_WARN_UNUSED_FUNCTION = YES;
				GCC_WARN_UNUSED_VARIABLE = YES;
				IPHONEOS_DEPLOYMENT_TARGET = 16.2;
				MTL_ENABLE_DEBUG_INFO = INCLUDE_SOURCE;
				MTL_FAST_MATH = YES;
				ONLY_ACTIVE_ARCH = YES;
				SDKROOT = iphoneos;
				SWIFT_ACTIVE_COMPILATION_CONDITIONS = DEBUG;
				SWIFT_OPTIMIZATION_LEVEL = "-Onone";
			};
			name = Debug;
		};
		63DF20FE2970E1A1005DF7D1 /* Release */ = {
			isa = XCBuildConfiguration;
			buildSettings = {
				ALWAYS_SEARCH_USER_PATHS = NO;
				CLANG_ANALYZER_NONNULL = YES;
				CLANG_ANALYZER_NUMBER_OBJECT_CONVERSION = YES_AGGRESSIVE;
				CLANG_CXX_LANGUAGE_STANDARD = "gnu++20";
				CLANG_ENABLE_MODULES = YES;
				CLANG_ENABLE_OBJC_ARC = YES;
				CLANG_ENABLE_OBJC_WEAK = YES;
				CLANG_WARN_BLOCK_CAPTURE_AUTORELEASING = YES;
				CLANG_WARN_BOOL_CONVERSION = YES;
				CLANG_WARN_COMMA = YES;
				CLANG_WARN_CONSTANT_CONVERSION = YES;
				CLANG_WARN_DEPRECATED_OBJC_IMPLEMENTATIONS = YES;
				CLANG_WARN_DIRECT_OBJC_ISA_USAGE = YES_ERROR;
				CLANG_WARN_DOCUMENTATION_COMMENTS = YES;
				CLANG_WARN_EMPTY_BODY = YES;
				CLANG_WARN_ENUM_CONVERSION = YES;
				CLANG_WARN_INFINITE_RECURSION = YES;
				CLANG_WARN_INT_CONVERSION = YES;
				CLANG_WARN_NON_LITERAL_NULL_CONVERSION = YES;
				CLANG_WARN_OBJC_IMPLICIT_RETAIN_SELF = YES;
				CLANG_WARN_OBJC_LITERAL_CONVERSION = YES;
				CLANG_WARN_OBJC_ROOT_CLASS = YES_ERROR;
				CLANG_WARN_QUOTED_INCLUDE_IN_FRAMEWORK_HEADER = YES;
				CLANG_WARN_RANGE_LOOP_ANALYSIS = YES;
				CLANG_WARN_STRICT_PROTOTYPES = YES;
				CLANG_WARN_SUSPICIOUS_MOVE = YES;
				CLANG_WARN_UNGUARDED_AVAILABILITY = YES_AGGRESSIVE;
				CLANG_WARN_UNREACHABLE_CODE = YES;
				CLANG_WARN__DUPLICATE_METHOD_MATCH = YES;
				COPY_PHASE_STRIP = NO;
				DEBUG_INFORMATION_FORMAT = "dwarf-with-dsym";
				ENABLE_NS_ASSERTIONS = NO;
				ENABLE_STRICT_OBJC_MSGSEND = YES;
				GCC_C_LANGUAGE_STANDARD = gnu11;
				GCC_NO_COMMON_BLOCKS = YES;
				GCC_WARN_64_TO_32_BIT_CONVERSION = YES;
				GCC_WARN_ABOUT_RETURN_TYPE = YES_ERROR;
				GCC_WARN_UNDECLARED_SELECTOR = YES;
				GCC_WARN_UNINITIALIZED_AUTOS = YES_AGGRESSIVE;
				GCC_WARN_UNUSED_FUNCTION = YES;
				GCC_WARN_UNUSED_VARIABLE = YES;
				IPHONEOS_DEPLOYMENT_TARGET = 16.2;
				MTL_ENABLE_DEBUG_INFO = NO;
				MTL_FAST_MATH = YES;
				SDKROOT = iphoneos;
				SWIFT_COMPILATION_MODE = wholemodule;
				SWIFT_OPTIMIZATION_LEVEL = "-O";
				VALIDATE_PRODUCT = YES;
			};
			name = Release;
		};
		63DF21002970E1A1005DF7D1 /* Debug */ = {
			isa = XCBuildConfiguration;
			buildSettings = {
				ASSETCATALOG_COMPILER_APPICON_NAME = AppIcon;
				ASSETCATALOG_COMPILER_GLOBAL_ACCENT_COLOR_NAME = AccentColor;
				CODE_SIGN_STYLE = Automatic;
				CURRENT_PROJECT_VERSION = 1;
				GENERATE_INFOPLIST_FILE = YES;
				INFOPLIST_FILE = BoxOffice/Resource/Info.plist;
				INFOPLIST_KEY_UIApplicationSupportsIndirectInputEvents = YES;
				INFOPLIST_KEY_UILaunchStoryboardName = LaunchScreen;
				INFOPLIST_KEY_UIMainStoryboardFile = Main;
				INFOPLIST_KEY_UISupportedInterfaceOrientations_iPad = "UIInterfaceOrientationPortrait UIInterfaceOrientationPortraitUpsideDown UIInterfaceOrientationLandscapeLeft UIInterfaceOrientationLandscapeRight";
				INFOPLIST_KEY_UISupportedInterfaceOrientations_iPhone = "UIInterfaceOrientationPortrait UIInterfaceOrientationLandscapeLeft UIInterfaceOrientationLandscapeRight";
				IPHONEOS_DEPLOYMENT_TARGET = 14.0;
				LD_RUNPATH_SEARCH_PATHS = (
					"$(inherited)",
					"@executable_path/Frameworks",
				);
				MARKETING_VERSION = 1.0;
				PRODUCT_BUNDLE_IDENTIFIER = net.yagom.BoxOffice;
				PRODUCT_NAME = "$(TARGET_NAME)";
				SWIFT_EMIT_LOC_STRINGS = YES;
				SWIFT_VERSION = 5.0;
				TARGETED_DEVICE_FAMILY = "1,2";
			};
			name = Debug;
		};
		63DF21012970E1A1005DF7D1 /* Release */ = {
			isa = XCBuildConfiguration;
			buildSettings = {
				ASSETCATALOG_COMPILER_APPICON_NAME = AppIcon;
				ASSETCATALOG_COMPILER_GLOBAL_ACCENT_COLOR_NAME = AccentColor;
				CODE_SIGN_STYLE = Automatic;
				CURRENT_PROJECT_VERSION = 1;
				GENERATE_INFOPLIST_FILE = YES;
				INFOPLIST_FILE = BoxOffice/Resource/Info.plist;
				INFOPLIST_KEY_UIApplicationSupportsIndirectInputEvents = YES;
				INFOPLIST_KEY_UILaunchStoryboardName = LaunchScreen;
				INFOPLIST_KEY_UIMainStoryboardFile = Main;
				INFOPLIST_KEY_UISupportedInterfaceOrientations_iPad = "UIInterfaceOrientationPortrait UIInterfaceOrientationPortraitUpsideDown UIInterfaceOrientationLandscapeLeft UIInterfaceOrientationLandscapeRight";
				INFOPLIST_KEY_UISupportedInterfaceOrientations_iPhone = "UIInterfaceOrientationPortrait UIInterfaceOrientationLandscapeLeft UIInterfaceOrientationLandscapeRight";
				IPHONEOS_DEPLOYMENT_TARGET = 14.0;
				LD_RUNPATH_SEARCH_PATHS = (
					"$(inherited)",
					"@executable_path/Frameworks",
				);
				MARKETING_VERSION = 1.0;
				PRODUCT_BUNDLE_IDENTIFIER = net.yagom.BoxOffice;
				PRODUCT_NAME = "$(TARGET_NAME)";
				SWIFT_EMIT_LOC_STRINGS = YES;
				SWIFT_VERSION = 5.0;
				TARGETED_DEVICE_FAMILY = "1,2";
			};
			name = Release;
		};
		AC02E1992A6FC02B00C6A91B /* Debug */ = {
			isa = XCBuildConfiguration;
			buildSettings = {
				BUNDLE_LOADER = "$(TEST_HOST)";
				CODE_SIGN_STYLE = Automatic;
				CURRENT_PROJECT_VERSION = 1;
				GENERATE_INFOPLIST_FILE = YES;
				IPHONEOS_DEPLOYMENT_TARGET = 16.2;
				MACOSX_DEPLOYMENT_TARGET = 13.3;
				MARKETING_VERSION = 1.0;
				PRODUCT_BUNDLE_IDENTIFIER = net.dasankim.DecodingManagerTests;
				PRODUCT_NAME = "$(TARGET_NAME)";
				SDKROOT = auto;
				SUPPORTED_PLATFORMS = "iphoneos iphonesimulator macosx";
				SWIFT_EMIT_LOC_STRINGS = NO;
				SWIFT_VERSION = 5.0;
				TARGETED_DEVICE_FAMILY = "1,2";
				TEST_HOST = "$(BUILT_PRODUCTS_DIR)/BoxOffice.app/$(BUNDLE_EXECUTABLE_FOLDER_PATH)/BoxOffice";
			};
			name = Debug;
		};
		AC02E19A2A6FC02B00C6A91B /* Release */ = {
			isa = XCBuildConfiguration;
			buildSettings = {
				BUNDLE_LOADER = "$(TEST_HOST)";
				CODE_SIGN_STYLE = Automatic;
				CURRENT_PROJECT_VERSION = 1;
				GENERATE_INFOPLIST_FILE = YES;
				IPHONEOS_DEPLOYMENT_TARGET = 16.2;
				MACOSX_DEPLOYMENT_TARGET = 13.3;
				MARKETING_VERSION = 1.0;
				PRODUCT_BUNDLE_IDENTIFIER = net.dasankim.DecodingManagerTests;
				PRODUCT_NAME = "$(TARGET_NAME)";
				SDKROOT = auto;
				SUPPORTED_PLATFORMS = "iphoneos iphonesimulator macosx";
				SWIFT_EMIT_LOC_STRINGS = NO;
				SWIFT_VERSION = 5.0;
				TARGETED_DEVICE_FAMILY = "1,2";
				TEST_HOST = "$(BUILT_PRODUCTS_DIR)/BoxOffice.app/$(BUNDLE_EXECUTABLE_FOLDER_PATH)/BoxOffice";
			};
			name = Release;
		};
/* End XCBuildConfiguration section */

/* Begin XCConfigurationList section */
		63DF20E62970E1A0005DF7D1 /* Build configuration list for PBXProject "BoxOffice" */ = {
			isa = XCConfigurationList;
			buildConfigurations = (
				63DF20FD2970E1A1005DF7D1 /* Debug */,
				63DF20FE2970E1A1005DF7D1 /* Release */,
			);
			defaultConfigurationIsVisible = 0;
			defaultConfigurationName = Release;
		};
		63DF20FF2970E1A1005DF7D1 /* Build configuration list for PBXNativeTarget "BoxOffice" */ = {
			isa = XCConfigurationList;
			buildConfigurations = (
				63DF21002970E1A1005DF7D1 /* Debug */,
				63DF21012970E1A1005DF7D1 /* Release */,
			);
			defaultConfigurationIsVisible = 0;
			defaultConfigurationName = Release;
		};
		AC02E1982A6FC02B00C6A91B /* Build configuration list for PBXNativeTarget "DecodingManagerTests" */ = {
			isa = XCConfigurationList;
			buildConfigurations = (
				AC02E1992A6FC02B00C6A91B /* Debug */,
				AC02E19A2A6FC02B00C6A91B /* Release */,
			);
			defaultConfigurationIsVisible = 0;
			defaultConfigurationName = Release;
		};
/* End XCConfigurationList section */
	};
	rootObject = 63DF20E32970E1A0005DF7D1 /* Project object */;
}
